
Microsoft Visual Studio Solution File, Format Version 12.00
# Visual Studio Version 17
VisualStudioVersion = 17.14.36301.6
MinimumVisualStudioVersion = 10.0.40219.1
Project("{FAE04EC0-301F-11D3-BF4B-00C04F79EFBC}") = "TSqlUnit", "TSqlUnit\TSqlUnit.csproj", "{062CCB38-32B7-4196-9F5C-698C5DBBF1B3}"
EndProject
Project("{FAE04EC0-301F-11D3-BF4B-00C04F79EFBC}") = "TSqlUnit.Tests", "TSqlUnit.Tests\TSqlUnit.Tests.csproj", "{9B9357A9-8B31-462E-9A22-DF239A8FA827}"
EndProject
Global
	GlobalSection(SolutionConfigurationPlatforms) = preSolution
		Debug|Any CPU = Debug|Any CPU
		Release|Any CPU = Release|Any CPU
	EndGlobalSection
	GlobalSection(ProjectConfigurationPlatforms) = postSolution
		{062CCB38-32B7-4196-9F5C-698C5DBBF1B3}.Debug|Any CPU.ActiveCfg = Debug|Any CPU
		{062CCB38-32B7-4196-9F5C-698C5DBBF1B3}.Debug|Any CPU.Build.0 = Debug|Any CPU
		{062CCB38-32B7-4196-9F5C-698C5DBBF1B3}.Release|Any CPU.ActiveCfg = Release|Any CPU
		{062CCB38-32B7-4196-9F5C-698C5DBBF1B3}.Release|Any CPU.Build.0 = Release|Any CPU
		{9B9357A9-8B31-462E-9A22-DF239A8FA827}.Debug|Any CPU.ActiveCfg = Debug|Any CPU
		{9B9357A9-8B31-462E-9A22-DF239A8FA827}.Debug|Any CPU.Build.0 = Debug|Any CPU
		{9B9357A9-8B31-462E-9A22-DF239A8FA827}.Release|Any CPU.ActiveCfg = Release|Any CPU
		{9B9357A9-8B31-462E-9A22-DF239A8FA827}.Release|Any CPU.Build.0 = Release|Any CPU
	EndGlobalSection
	GlobalSection(SolutionProperties) = preSolution
		HideSolutionNode = FALSE
	EndGlobalSection
	GlobalSection(ExtensibilityGlobals) = postSolution
		SolutionGuid = {9B194D7E-CF1F-4EA3-8D18-B8304FFDD1BF}
	EndGlobalSection
EndGlobal
